
Microsoft Visual Studio Solution File, Format Version 11.00
# Visual Studio 2010
Project("{FAE04EC0-301F-11D3-BF4B-00C04F79EFBC}") = "0-9", "Assembly-CSharp-firstpass.csproj", "{2BEED87D-11A2-5C43-0D41-E0F9D0D7A724}"
EndProject
Project("{FAE04EC0-301F-11D3-BF4B-00C04F79EFBC}") = "0-9", "Assembly-CSharp.csproj", "{9E178261-3A4D-FAB4-0520-182911E8CE2F}"
EndProject
Project("{FAE04EC0-301F-11D3-BF4B-00C04F79EFBC}") = "0-9", "Assembly-CSharp-Editor-firstpass.csproj", "{1B5D9999-B2FF-E9CF-934E-33FEBAB8B007}"
EndProject
Project("{FAE04EC0-301F-11D3-BF4B-00C04F79EFBC}") = "0-9", "Assembly-CSharp-Editor.csproj", "{680C5A33-1A35-F8B7-C8E9-89A47E0C9FEC}"
EndProject
Global
	GlobalSection(SolutionConfigurationPlatforms) = preSolution
		Debug|Any CPU = Debug|Any CPU
		Release|Any CPU = Release|Any CPU
	EndGlobalSection
	GlobalSection(ProjectConfigurationPlatforms) = postSolution
		{2BEED87D-11A2-5C43-0D41-E0F9D0D7A724}.Debug|Any CPU.ActiveCfg = Debug|Any CPU
		{2BEED87D-11A2-5C43-0D41-E0F9D0D7A724}.Debug|Any CPU.Build.0 = Debug|Any CPU
		{2BEED87D-11A2-5C43-0D41-E0F9D0D7A724}.Release|Any CPU.ActiveCfg = Release|Any CPU
		{2BEED87D-11A2-5C43-0D41-E0F9D0D7A724}.Release|Any CPU.Build.0 = Release|Any CPU
		{9E178261-3A4D-FAB4-0520-182911E8CE2F}.Debug|Any CPU.ActiveCfg = Debug|Any CPU
		{9E178261-3A4D-FAB4-0520-182911E8CE2F}.Debug|Any CPU.Build.0 = Debug|Any CPU
		{9E178261-3A4D-FAB4-0520-182911E8CE2F}.Release|Any CPU.ActiveCfg = Release|Any CPU
		{9E178261-3A4D-FAB4-0520-182911E8CE2F}.Release|Any CPU.Build.0 = Release|Any CPU
		{1B5D9999-B2FF-E9CF-934E-33FEBAB8B007}.Debug|Any CPU.ActiveCfg = Debug|Any CPU
		{1B5D9999-B2FF-E9CF-934E-33FEBAB8B007}.Debug|Any CPU.Build.0 = Debug|Any CPU
		{1B5D9999-B2FF-E9CF-934E-33FEBAB8B007}.Release|Any CPU.ActiveCfg = Release|Any CPU
		{1B5D9999-B2FF-E9CF-934E-33FEBAB8B007}.Release|Any CPU.Build.0 = Release|Any CPU
		{680C5A33-1A35-F8B7-C8E9-89A47E0C9FEC}.Debug|Any CPU.ActiveCfg = Debug|Any CPU
		{680C5A33-1A35-F8B7-C8E9-89A47E0C9FEC}.Debug|Any CPU.Build.0 = Debug|Any CPU
		{680C5A33-1A35-F8B7-C8E9-89A47E0C9FEC}.Release|Any CPU.ActiveCfg = Release|Any CPU
		{680C5A33-1A35-F8B7-C8E9-89A47E0C9FEC}.Release|Any CPU.Build.0 = Release|Any CPU
	EndGlobalSection
	GlobalSection(SolutionProperties) = preSolution
		HideSolutionNode = FALSE
	EndGlobalSection
	GlobalSection(MonoDevelopProperties) = preSolution
		StartupItem = Assembly-CSharp.csproj
	EndGlobalSection
EndGlobal
